
Microsoft Visual Studio Solution File, Format Version 12.00
# Visual Studio Version 17
VisualStudioVersion = 17.4.33213.308
MinimumVisualStudioVersion = 10.0.40219.1
Project("{FAE04EC0-301F-11D3-BF4B-00C04F79EFBC}") = "PdfViewer.UWP", "PdfViewer.UWP\PdfViewer.UWP.csproj", "{A8878561-D315-460D-9DED-E6427CAD48B4}"
EndProject
Project("{FAE04EC0-301F-11D3-BF4B-00C04F79EFBC}") = "PdfViewer.Android", "PdfViewer.Android\PdfViewer.Android.csproj", "{2E359301-52A2-4BA2-95FC-7DA54233ED8F}"
EndProject
Project("{FAE04EC0-301F-11D3-BF4B-00C04F79EFBC}") = "PdfViewer.iOS", "PdfViewer.iOS\PdfViewer.iOS.csproj", "{913ABC42-4937-459A-A0CD-3FAAB36F5074}"
EndProject
Project("{FAE04EC0-301F-11D3-BF4B-00C04F79EFBC}") = "PdfViewer", "PdfViewer\PdfViewer.csproj", "{F0826F17-B655-4DE9-8BB5-8973CBDE4ED8}"
EndProject
Global
	GlobalSection(SolutionConfigurationPlatforms) = preSolution
		Debug|Any CPU = Debug|Any CPU
		Debug|ARM = Debug|ARM
		Debug|iPhone = Debug|iPhone
		Debug|iPhoneSimulator = Debug|iPhoneSimulator
		Debug|x64 = Debug|x64
		Debug|x86 = Debug|x86
		Release|Any CPU = Release|Any CPU
		Release|ARM = Release|ARM
		Release|iPhone = Release|iPhone
		Release|iPhoneSimulator = Release|iPhoneSimulator
		Release|x64 = Release|x64
		Release|x86 = Release|x86
	EndGlobalSection
	GlobalSection(ProjectConfigurationPlatforms) = postSolution
		{A8878561-D315-460D-9DED-E6427CAD48B4}.Debug|Any CPU.ActiveCfg = Debug|x64
		{A8878561-D315-460D-9DED-E6427CAD48B4}.Debug|Any CPU.Build.0 = Debug|x64
		{A8878561-D315-460D-9DED-E6427CAD48B4}.Debug|Any CPU.Deploy.0 = Debug|x64
		{A8878561-D315-460D-9DED-E6427CAD48B4}.Debug|ARM.ActiveCfg = Debug|ARM
		{A8878561-D315-460D-9DED-E6427CAD48B4}.Debug|ARM.Build.0 = Debug|ARM
		{A8878561-D315-460D-9DED-E6427CAD48B4}.Debug|ARM.Deploy.0 = Debug|ARM
		{A8878561-D315-460D-9DED-E6427CAD48B4}.Debug|iPhone.ActiveCfg = Debug|x64
		{A8878561-D315-460D-9DED-E6427CAD48B4}.Debug|iPhone.Build.0 = Debug|x64
		{A8878561-D315-460D-9DED-E6427CAD48B4}.Debug|iPhone.Deploy.0 = Debug|x64
		{A8878561-D315-460D-9DED-E6427CAD48B4}.Debug|iPhoneSimulator.ActiveCfg = Debug|x64
		{A8878561-D315-460D-9DED-E6427CAD48B4}.Debug|iPhoneSimulator.Build.0 = Debug|x64
		{A8878561-D315-460D-9DED-E6427CAD48B4}.Debug|iPhoneSimulator.Deploy.0 = Debug|x64
		{A8878561-D315-460D-9DED-E6427CAD48B4}.Debug|x64.ActiveCfg = Debug|x64
		{A8878561-D315-460D-9DED-E6427CAD48B4}.Debug|x64.Build.0 = Debug|x64
		{A8878561-D315-460D-9DED-E6427CAD48B4}.Debug|x64.Deploy.0 = Debug|x64
		{A8878561-D315-460D-9DED-E6427CAD48B4}.Debug|x86.ActiveCfg = Debug|x86
		{A8878561-D315-460D-9DED-E6427CAD48B4}.Debug|x86.Build.0 = Debug|x86
		{A8878561-D315-460D-9DED-E6427CAD48B4}.Debug|x86.Deploy.0 = Debug|x86
		{A8878561-D315-460D-9DED-E6427CAD48B4}.Release|Any CPU.ActiveCfg = Release|x64
		{A8878561-D315-460D-9DED-E6427CAD48B4}.Release|Any CPU.Build.0 = Release|x64
		{A8878561-D315-460D-9DED-E6427CAD48B4}.Release|Any CPU.Deploy.0 = Release|x64
		{A8878561-D315-460D-9DED-E6427CAD48B4}.Release|ARM.ActiveCfg = Release|ARM
		{A8878561-D315-460D-9DED-E6427CAD48B4}.Release|ARM.Build.0 = Release|ARM
		{A8878561-D315-460D-9DED-E6427CAD48B4}.Release|ARM.Deploy.0 = Release|ARM
		{A8878561-D315-460D-9DED-E6427CAD48B4}.Release|iPhone.ActiveCfg = Release|x64
		{A8878561-D315-460D-9DED-E6427CAD48B4}.Release|iPhone.Build.0 = Release|x64
		{A8878561-D315-460D-9DED-E6427CAD48B4}.Release|iPhone.Deploy.0 = Release|x64
		{A8878561-D315-460D-9DED-E6427CAD48B4}.Release|iPhoneSimulator.ActiveCfg = Release|x64
		{A8878561-D315-460D-9DED-E6427CAD48B4}.Release|iPhoneSimulator.Build.0 = Release|x64
		{A8878561-D315-460D-9DED-E6427CAD48B4}.Release|iPhoneSimulator.Deploy.0 = Release|x64
		{A8878561-D315-460D-9DED-E6427CAD48B4}.Release|x64.ActiveCfg = Release|x64
		{A8878561-D315-460D-9DED-E6427CAD48B4}.Release|x64.Build.0 = Release|x64
		{A8878561-D315-460D-9DED-E6427CAD48B4}.Release|x64.Deploy.0 = Release|x64
		{A8878561-D315-460D-9DED-E6427CAD48B4}.Release|x86.ActiveCfg = Release|x86
		{A8878561-D315-460D-9DED-E6427CAD48B4}.Release|x86.Build.0 = Release|x86
		{A8878561-D315-460D-9DED-E6427CAD48B4}.Release|x86.Deploy.0 = Release|x86
		{2E359301-52A2-4BA2-95FC-7DA54233ED8F}.Debug|Any CPU.ActiveCfg = Debug|Any CPU
		{2E359301-52A2-4BA2-95FC-7DA54233ED8F}.Debug|Any CPU.Build.0 = Debug|Any CPU
		{2E359301-52A2-4BA2-95FC-7DA54233ED8F}.Debug|Any CPU.Deploy.0 = Debug|Any CPU
		{2E359301-52A2-4BA2-95FC-7DA54233ED8F}.Debug|ARM.ActiveCfg = Debug|Any CPU
		{2E359301-52A2-4BA2-95FC-7DA54233ED8F}.Debug|ARM.Build.0 = Debug|Any CPU
		{2E359301-52A2-4BA2-95FC-7DA54233ED8F}.Debug|ARM.Deploy.0 = Debug|Any CPU
		{2E359301-52A2-4BA2-95FC-7DA54233ED8F}.Debug|iPhone.ActiveCfg = Debug|Any CPU
		{2E359301-52A2-4BA2-95FC-7DA54233ED8F}.Debug|iPhone.Build.0 = Debug|Any CPU
		{2E359301-52A2-4BA2-95FC-7DA54233ED8F}.Debug|iPhone.Deploy.0 = Debug|Any CPU
		{2E359301-52A2-4BA2-95FC-7DA54233ED8F}.Debug|iPhoneSimulator.ActiveCfg = Debug|Any CPU
		{2E359301-52A2-4BA2-95FC-7DA54233ED8F}.Debug|iPhoneSimulator.Build.0 = Debug|Any CPU
		{2E359301-52A2-4BA2-95FC-7DA54233ED8F}.Debug|iPhoneSimulator.Deploy.0 = Debug|Any CPU
		{2E359301-52A2-4BA2-95FC-7DA54233ED8F}.Debug|x64.ActiveCfg = Debug|Any CPU
		{2E359301-52A2-4BA2-95FC-7DA54233ED8F}.Debug|x64.Build.0 = Debug|Any CPU
		{2E359301-52A2-4BA2-95FC-7DA54233ED8F}.Debug|x64.Deploy.0 = Debug|Any CPU
		{2E359301-52A2-4BA2-95FC-7DA54233ED8F}.Debug|x86.ActiveCfg = Debug|Any CPU
		{2E359301-52A2-4BA2-95FC-7DA54233ED8F}.Debug|x86.Build.0 = Debug|Any CPU
		{2E359301-52A2-4BA2-95FC-7DA54233ED8F}.Debug|x86.Deploy.0 = Debug|Any CPU
		{2E359301-52A2-4BA2-95FC-7DA54233ED8F}.Release|Any CPU.ActiveCfg = Release|Any CPU
		{2E359301-52A2-4BA2-95FC-7DA54233ED8F}.Release|Any CPU.Build.0 = Release|Any CPU
		{2E359301-52A2-4BA2-95FC-7DA54233ED8F}.Release|Any CPU.Deploy.0 = Release|Any CPU
		{2E359301-52A2-4BA2-95FC-7DA54233ED8F}.Release|ARM.ActiveCfg = Release|Any CPU
		{2E359301-52A2-4BA2-95FC-7DA54233ED8F}.Release|ARM.Build.0 = Release|Any CPU
		{2E359301-52A2-4BA2-95FC-7DA54233ED8F}.Release|ARM.Deploy.0 = Release|Any CPU
		{2E359301-52A2-4BA2-95FC-7DA54233ED8F}.Release|iPhone.ActiveCfg = Release|Any CPU
		{2E359301-52A2-4BA2-95FC-7DA54233ED8F}.Release|iPhone.Build.0 = Release|Any CPU
		{2E359301-52A2-4BA2-95FC-7DA54233ED8F}.Release|iPhone.Deploy.0 = Release|Any CPU
		{2E359301-52A2-4BA2-95FC-7DA54233ED8F}.Release|iPhoneSimulator.ActiveCfg = Release|Any CPU
		{2E359301-52A2-4BA2-95FC-7DA54233ED8F}.Release|iPhoneSimulator.Build.0 = Release|Any CPU
		{2E359301-52A2-4BA2-95FC-7DA54233ED8F}.Release|iPhoneSimulator.Deploy.0 = Release|Any CPU
		{2E359301-52A2-4BA2-95FC-7DA54233ED8F}.Release|x64.ActiveCfg = Release|Any CPU
		{2E359301-52A2-4BA2-95FC-7DA54233ED8F}.Release|x64.Build.0 = Release|Any CPU
		{2E359301-52A2-4BA2-95FC-7DA54233ED8F}.Release|x64.Deploy.0 = Release|Any CPU
		{2E359301-52A2-4BA2-95FC-7DA54233ED8F}.Release|x86.ActiveCfg = Release|Any CPU
		{2E359301-52A2-4BA2-95FC-7DA54233ED8F}.Release|x86.Build.0 = Release|Any CPU
		{2E359301-52A2-4BA2-95FC-7DA54233ED8F}.Release|x86.Deploy.0 = Release|Any CPU
		{913ABC42-4937-459A-A0CD-3FAAB36F5074}.Debug|Any CPU.ActiveCfg = Debug|iPhoneSimulator
		{913ABC42-4937-459A-A0CD-3FAAB36F5074}.Debug|Any CPU.Build.0 = Debug|iPhoneSimulator
		{913ABC42-4937-459A-A0CD-3FAAB36F5074}.Debug|Any CPU.Deploy.0 = Debug|iPhoneSimulator
		{913ABC42-4937-459A-A0CD-3FAAB36F5074}.Debug|ARM.ActiveCfg = Debug|iPhoneSimulator
		{913ABC42-4937-459A-A0CD-3FAAB36F5074}.Debug|ARM.Build.0 = Debug|iPhoneSimulator
		{913ABC42-4937-459A-A0CD-3FAAB36F5074}.Debug|ARM.Deploy.0 = Debug|iPhoneSimulator
		{913ABC42-4937-459A-A0CD-3FAAB36F5074}.Debug|iPhone.ActiveCfg = Debug|iPhone
		{913ABC42-4937-459A-A0CD-3FAAB36F5074}.Debug|iPhone.Build.0 = Debug|iPhone
		{913ABC42-4937-459A-A0CD-3FAAB36F5074}.Debug|iPhone.Deploy.0 = Debug|iPhone
		{913ABC42-4937-459A-A0CD-3FAAB36F5074}.Debug|iPhoneSimulator.ActiveCfg = Debug|iPhoneSimulator
		{913ABC42-4937-459A-A0CD-3FAAB36F5074}.Debug|iPhoneSimulator.Build.0 = Debug|iPhoneSimulator
		{913ABC42-4937-459A-A0CD-3FAAB36F5074}.Debug|iPhoneSimulator.Deploy.0 = Debug|iPhoneSimulator
		{913ABC42-4937-459A-A0CD-3FAAB36F5074}.Debug|x64.ActiveCfg = Debug|iPhone
		{913ABC42-4937-459A-A0CD-3FAAB36F5074}.Debug|x64.Build.0 = Debug|iPhone
		{913ABC42-4937-459A-A0CD-3FAAB36F5074}.Debug|x64.Deploy.0 = Debug|iPhone
		{913ABC42-4937-459A-A0CD-3FAAB36F5074}.Debug|x86.ActiveCfg = Debug|iPhoneSimulator
		{913ABC42-4937-459A-A0CD-3FAAB36F5074}.Debug|x86.Build.0 = Debug|iPhoneSimulator
		{913ABC42-4937-459A-A0CD-3FAAB36F5074}.Debug|x86.Deploy.0 = Debug|iPhoneSimulator
		{913ABC42-4937-459A-A0CD-3FAAB36F5074}.Release|Any CPU.ActiveCfg = Release|iPhoneSimulator
		{913ABC42-4937-459A-A0CD-3FAAB36F5074}.Release|Any CPU.Build.0 = Release|iPhoneSimulator
		{913ABC42-4937-459A-A0CD-3FAAB36F5074}.Release|Any CPU.Deploy.0 = Release|iPhoneSimulator
		{913ABC42-4937-459A-A0CD-3FAAB36F5074}.Release|ARM.ActiveCfg = Release|iPhoneSimulator
		{913ABC42-4937-459A-A0CD-3FAAB36F5074}.Release|ARM.Build.0 = Release|iPhoneSimulator
		{913ABC42-4937-459A-A0CD-3FAAB36F5074}.Release|ARM.Deploy.0 = Release|iPhoneSimulator
		{913ABC42-4937-459A-A0CD-3FAAB36F5074}.Release|iPhone.ActiveCfg = Release|iPhone
		{913ABC42-4937-459A-A0CD-3FAAB36F5074}.Release|iPhone.Build.0 = Release|iPhone
		{913ABC42-4937-459A-A0CD-3FAAB36F5074}.Release|iPhone.Deploy.0 = Release|iPhone
		{913ABC42-4937-459A-A0CD-3FAAB36F5074}.Release|iPhoneSimulator.ActiveCfg = Release|iPhoneSimulator
		{913ABC42-4937-459A-A0CD-3FAAB36F5074}.Release|iPhoneSimulator.Build.0 = Release|iPhoneSimulator
		{913ABC42-4937-459A-A0CD-3FAAB36F5074}.Release|iPhoneSimulator.Deploy.0 = Release|iPhoneSimulator
		{913ABC42-4937-459A-A0CD-3FAAB36F5074}.Release|x64.ActiveCfg = Release|iPhoneSimulator
		{913ABC42-4937-459A-A0CD-3FAAB36F5074}.Release|x64.Build.0 = Release|iPhoneSimulator
		{913ABC42-4937-459A-A0CD-3FAAB36F5074}.Release|x64.Deploy.0 = Release|iPhoneSimulator
		{913ABC42-4937-459A-A0CD-3FAAB36F5074}.Release|x86.ActiveCfg = Release|iPhoneSimulator
		{913ABC42-4937-459A-A0CD-3FAAB36F5074}.Release|x86.Build.0 = Release|iPhoneSimulator
		{913ABC42-4937-459A-A0CD-3FAAB36F5074}.Release|x86.Deploy.0 = Release|iPhoneSimulator
		{F0826F17-B655-4DE9-8BB5-8973CBDE4ED8}.Debug|Any CPU.ActiveCfg = Debug|Any CPU
		{F0826F17-B655-4DE9-8BB5-8973CBDE4ED8}.Debug|Any CPU.Build.0 = Debug|Any CPU
		{F0826F17-B655-4DE9-8BB5-8973CBDE4ED8}.Debug|Any CPU.Deploy.0 = Debug|Any CPU
		{F0826F17-B655-4DE9-8BB5-8973CBDE4ED8}.Debug|ARM.ActiveCfg = Debug|Any CPU
		{F0826F17-B655-4DE9-8BB5-8973CBDE4ED8}.Debug|ARM.Build.0 = Debug|Any CPU
		{F0826F17-B655-4DE9-8BB5-8973CBDE4ED8}.Debug|ARM.Deploy.0 = Debug|Any CPU
		{F0826F17-B655-4DE9-8BB5-8973CBDE4ED8}.Debug|iPhone.ActiveCfg = Debug|Any CPU
		{F0826F17-B655-4DE9-8BB5-8973CBDE4ED8}.Debug|iPhone.Build.0 = Debug|Any CPU
		{F0826F17-B655-4DE9-8BB5-8973CBDE4ED8}.Debug|iPhone.Deploy.0 = Debug|Any CPU
		{F0826F17-B655-4DE9-8BB5-8973CBDE4ED8}.Debug|iPhoneSimulator.ActiveCfg = Debug|Any CPU
		{F0826F17-B655-4DE9-8BB5-8973CBDE4ED8}.Debug|iPhoneSimulator.Build.0 = Debug|Any CPU
		{F0826F17-B655-4DE9-8BB5-8973CBDE4ED8}.Debug|iPhoneSimulator.Deploy.0 = Debug|Any CPU
		{F0826F17-B655-4DE9-8BB5-8973CBDE4ED8}.Debug|x64.ActiveCfg = Debug|Any CPU
		{F0826F17-B655-4DE9-8BB5-8973CBDE4ED8}.Debug|x64.Build.0 = Debug|Any CPU
		{F0826F17-B655-4DE9-8BB5-8973CBDE4ED8}.Debug|x64.Deploy.0 = Debug|Any CPU
		{F0826F17-B655-4DE9-8BB5-8973CBDE4ED8}.Debug|x86.ActiveCfg = Debug|Any CPU
		{F0826F17-B655-4DE9-8BB5-8973CBDE4ED8}.Debug|x86.Build.0 = Debug|Any CPU
		{F0826F17-B655-4DE9-8BB5-8973CBDE4ED8}.Debug|x86.Deploy.0 = Debug|Any CPU
		{F0826F17-B655-4DE9-8BB5-8973CBDE4ED8}.Release|Any CPU.ActiveCfg = Release|Any CPU
		{F0826F17-B655-4DE9-8BB5-8973CBDE4ED8}.Release|Any CPU.Build.0 = Release|Any CPU
		{F0826F17-B655-4DE9-8BB5-8973CBDE4ED8}.Release|Any CPU.Deploy.0 = Release|Any CPU
		{F0826F17-B655-4DE9-8BB5-8973CBDE4ED8}.Release|ARM.ActiveCfg = Release|Any CPU
		{F0826F17-B655-4DE9-8BB5-8973CBDE4ED8}.Release|ARM.Build.0 = Release|Any CPU
		{F0826F17-B655-4DE9-8BB5-8973CBDE4ED8}.Release|ARM.Deploy.0 = Release|Any CPU
		{F0826F17-B655-4DE9-8BB5-8973CBDE4ED8}.Release|iPhone.ActiveCfg = Release|Any CPU
		{F0826F17-B655-4DE9-8BB5-8973CBDE4ED8}.Release|iPhone.Build.0 = Release|Any CPU
		{F0826F17-B655-4DE9-8BB5-8973CBDE4ED8}.Release|iPhone.Deploy.0 = Release|Any CPU
		{F0826F17-B655-4DE9-8BB5-8973CBDE4ED8}.Release|iPhoneSimulator.ActiveCfg = Release|Any CPU
		{F0826F17-B655-4DE9-8BB5-8973CBDE4ED8}.Release|iPhoneSimulator.Build.0 = Release|Any CPU
		{F0826F17-B655-4DE9-8BB5-8973CBDE4ED8}.Release|iPhoneSimulator.Deploy.0 = Release|Any CPU
		{F0826F17-B655-4DE9-8BB5-8973CBDE4ED8}.Release|x64.ActiveCfg = Release|Any CPU
		{F0826F17-B655-4DE9-8BB5-8973CBDE4ED8}.Release|x64.Build.0 = Release|Any CPU
		{F0826F17-B655-4DE9-8BB5-8973CBDE4ED8}.Release|x64.Deploy.0 = Release|Any CPU
		{F0826F17-B655-4DE9-8BB5-8973CBDE4ED8}.Release|x86.ActiveCfg = Release|Any CPU
		{F0826F17-B655-4DE9-8BB5-8973CBDE4ED8}.Release|x86.Build.0 = Release|Any CPU
		{F0826F17-B655-4DE9-8BB5-8973CBDE4ED8}.Release|x86.Deploy.0 = Release|Any CPU
	EndGlobalSection
	GlobalSection(SolutionProperties) = preSolution
		HideSolutionNode = FALSE
	EndGlobalSection
	GlobalSection(ExtensibilityGlobals) = postSolution
		SolutionGuid = {F329CD2A-91DE-4B70-8DF3-4A1D90E5570F}
	EndGlobalSection
EndGlobal
